// !$*UTF8*$!
{
	archiveVersion = 1;
	classes = {
	};
	objectVersion = 46;
	objects = {

/* Begin PBXBuildFile section */
		150EA3531CB4FA860006090F /* main.m in Sources */ = {isa = PBXBuildFile; fileRef = 150EA3521CB4FA860006090F /* main.m */; };
		150EA3561CB4FA860006090F /* AppDelegate.m in Sources */ = {isa = PBXBuildFile; fileRef = 150EA3551CB4FA860006090F /* AppDelegate.m */; };
		150EA35F1CB4FA860006090F /* ____.xcdatamodeld in Sources */ = {isa = PBXBuildFile; fileRef = 150EA35D1CB4FA860006090F /* ____.xcdatamodeld */; };
		150EA3611CB4FA860006090F /* Assets.xcassets in Resources */ = {isa = PBXBuildFile; fileRef = 150EA3601CB4FA860006090F /* Assets.xcassets */; };
		150EA3641CB4FA860006090F /* LaunchScreen.storyboard in Resources */ = {isa = PBXBuildFile; fileRef = 150EA3621CB4FA860006090F /* LaunchScreen.storyboard */; };
		150EA36F1CB4FA870006090F /* ____Tests.m in Sources */ = {isa = PBXBuildFile; fileRef = 150EA36E1CB4FA870006090F /* ____Tests.m */; };
		150EA37A1CB4FA870006090F /* ____UITests.m in Sources */ = {isa = PBXBuildFile; fileRef = 150EA3791CB4FA870006090F /* ____UITests.m */; };
		150EA3D31CB50A3B0006090F /* RootViewController.m in Sources */ = {isa = PBXBuildFile; fileRef = 150EA3D21CB50A3B0006090F /* RootViewController.m */; };
/* End PBXBuildFile section */

/* Begin PBXContainerItemProxy section */
		150EA36B1CB4FA870006090F /* PBXContainerItemProxy */ = {
			isa = PBXContainerItemProxy;
			containerPortal = 150EA3461CB4FA860006090F /* Project object */;
			proxyType = 1;
			remoteGlobalIDString = 150EA34D1CB4FA860006090F;
			remoteInfo = "梁森微博";
		};
		150EA3761CB4FA870006090F /* PBXContainerItemProxy */ = {
			isa = PBXContainerItemProxy;
			containerPortal = 150EA3461CB4FA860006090F /* Project object */;
			proxyType = 1;
			remoteGlobalIDString = 150EA34D1CB4FA860006090F;
			remoteInfo = "梁森微博";
		};
/* End PBXContainerItemProxy section */

/* Begin PBXFileReference section */
		150EA34E1CB4FA860006090F /* 梁森微博.app */ = {isa = PBXFileReference; explicitFileType = wrapper.application; includeInIndex = 0; path = "梁森微博.app"; sourceTree = BUILT_PRODUCTS_DIR; };
		150EA3521CB4FA860006090F /* main.m */ = {isa = PBXFileReference; lastKnownFileType = sourcecode.c.objc; path = main.m; sourceTree = "<group>"; };
		150EA3541CB4FA860006090F /* AppDelegate.h */ = {isa = PBXFileReference; lastKnownFileType = sourcecode.c.h; path = AppDelegate.h; sourceTree = "<group>"; };
		150EA3551CB4FA860006090F /* AppDelegate.m */ = {isa = PBXFileReference; lastKnownFileType = sourcecode.c.objc; path = AppDelegate.m; sourceTree = "<group>"; };
		150EA35E1CB4FA860006090F /* ____.xcdatamodel */ = {isa = PBXFileReference; lastKnownFileType = wrapper.xcdatamodel; path = "____.xcdatamodel"; sourceTree = "<group>"; };
		150EA3601CB4FA860006090F /* Assets.xcassets */ = {isa = PBXFileReference; lastKnownFileType = folder.assetcatalog; path = Assets.xcassets; sourceTree = "<group>"; };
		150EA3631CB4FA860006090F /* Base */ = {isa = PBXFileReference; lastKnownFileType = file.storyboard; name = Base; path = Base.lproj/LaunchScreen.storyboard; sourceTree = "<group>"; };
		150EA3651CB4FA860006090F /* Info.plist */ = {isa = PBXFileReference; lastKnownFileType = text.plist.xml; path = Info.plist; sourceTree = "<group>"; };
		150EA36A1CB4FA870006090F /* 梁森微博Tests.xctest */ = {isa = PBXFileReference; explicitFileType = wrapper.cfbundle; includeInIndex = 0; path = "梁森微博Tests.xctest"; sourceTree = BUILT_PRODUCTS_DIR; };
		150EA36E1CB4FA870006090F /* ____Tests.m */ = {isa = PBXFileReference; lastKnownFileType = sourcecode.c.objc; path = "____Tests.m"; sourceTree = "<group>"; };
		150EA3701CB4FA870006090F /* Info.plist */ = {isa = PBXFileReference; lastKnownFileType = text.plist.xml; path = Info.plist; sourceTree = "<group>"; };
		150EA3751CB4FA870006090F /* 梁森微博UITests.xctest */ = {isa = PBXFileReference; explicitFileType = wrapper.cfbundle; includeInIndex = 0; path = "梁森微博UITests.xctest"; sourceTree = BUILT_PRODUCTS_DIR; };
		150EA3791CB4FA870006090F /* ____UITests.m */ = {isa = PBXFileReference; lastKnownFileType = sourcecode.c.objc; path = "____UITests.m"; sourceTree = "<group>"; };
		150EA37B1CB4FA870006090F /* Info.plist */ = {isa = PBXFileReference; lastKnownFileType = text.plist.xml; path = Info.plist; sourceTree = "<group>"; };
		150EA3D11CB50A3B0006090F /* RootViewController.h */ = {isa = PBXFileReference; fileEncoding = 4; lastKnownFileType = sourcecode.c.h; path = RootViewController.h; sourceTree = "<group>"; };
		150EA3D21CB50A3B0006090F /* RootViewController.m */ = {isa = PBXFileReference; fileEncoding = 4; lastKnownFileType = sourcecode.c.objc; path = RootViewController.m; sourceTree = "<group>"; };
/* End PBXFileReference section */

/* Begin PBXFrameworksBuildPhase section */
		150EA34B1CB4FA860006090F /* Frameworks */ = {
			isa = PBXFrameworksBuildPhase;
			buildActionMask = 2147483647;
			files = (
			);
			runOnlyForDeploymentPostprocessing = 0;
		};
		150EA3671CB4FA870006090F /* Frameworks */ = {
			isa = PBXFrameworksBuildPhase;
			buildActionMask = 2147483647;
			files = (
			);
			runOnlyForDeploymentPostprocessing = 0;
		};
		150EA3721CB4FA870006090F /* Frameworks */ = {
			isa = PBXFrameworksBuildPhase;
			buildActionMask = 2147483647;
			files = (
			);
			runOnlyForDeploymentPostprocessing = 0;
		};
/* End PBXFrameworksBuildPhase section */

/* Begin PBXGroup section */
		150EA3451CB4FA860006090F = {
			isa = PBXGroup;
			children = (
				150EA3501CB4FA860006090F /* 梁森微博 */,
				150EA36D1CB4FA870006090F /* 梁森微博Tests */,
				150EA3781CB4FA870006090F /* 梁森微博UITests */,
				150EA34F1CB4FA860006090F /* Products */,
			);
			sourceTree = "<group>";
		};
		150EA34F1CB4FA860006090F /* Products */ = {
			isa = PBXGroup;
			children = (
				150EA34E1CB4FA860006090F /* 梁森微博.app */,
				150EA36A1CB4FA870006090F /* 梁森微博Tests.xctest */,
				150EA3751CB4FA870006090F /* 梁森微博UITests.xctest */,
			);
			name = Products;
			sourceTree = "<group>";
		};
		150EA3501CB4FA860006090F /* 梁森微博 */ = {
			isa = PBXGroup;
			children = (
				150EA3541CB4FA860006090F /* AppDelegate.h */,
				150EA3551CB4FA860006090F /* AppDelegate.m */,
				150EA3D11CB50A3B0006090F /* RootViewController.h */,
				150EA3D21CB50A3B0006090F /* RootViewController.m */,
				150EA3601CB4FA860006090F /* Assets.xcassets */,
				150EA3621CB4FA860006090F /* LaunchScreen.storyboard */,
				150EA3651CB4FA860006090F /* Info.plist */,
				150EA35D1CB4FA860006090F /* ____.xcdatamodeld */,
				150EA3511CB4FA860006090F /* Supporting Files */,
			);
			path = "梁森微博";
			sourceTree = "<group>";
		};
		150EA3511CB4FA860006090F /* Supporting Files */ = {
			isa = PBXGroup;
			children = (
				150EA3521CB4FA860006090F /* main.m */,
			);
			name = "Supporting Files";
			sourceTree = "<group>";
		};
		150EA36D1CB4FA870006090F /* 梁森微博Tests */ = {
			isa = PBXGroup;
			children = (
				150EA36E1CB4FA870006090F /* ____Tests.m */,
				150EA3701CB4FA870006090F /* Info.plist */,
			);
			path = "梁森微博Tests";
			sourceTree = "<group>";
		};
		150EA3781CB4FA870006090F /* 梁森微博UITests */ = {
			isa = PBXGroup;
			children = (
				150EA3791CB4FA870006090F /* ____UITests.m */,
				150EA37B1CB4FA870006090F /* Info.plist */,
			);
			path = "梁森微博UITests";
			sourceTree = "<group>";
		};
/* End PBXGroup section */

/* Begin PBXNativeTarget section */
		150EA34D1CB4FA860006090F /* 梁森微博 */ = {
			isa = PBXNativeTarget;
			buildConfigurationList = 150EA37E1CB4FA870006090F /* Build configuration list for PBXNativeTarget "梁森微博" */;
			buildPhases = (
				150EA34A1CB4FA860006090F /* Sources */,
				150EA34B1CB4FA860006090F /* Frameworks */,
				150EA34C1CB4FA860006090F /* Resources */,
			);
			buildRules = (
			);
			dependencies = (
			);
			name = "梁森微博";
			productName = "梁森微博";
			productReference = 150EA34E1CB4FA860006090F /* 梁森微博.app */;
			productType = "com.apple.product-type.application";
		};
		150EA3691CB4FA870006090F /* 梁森微博Tests */ = {
			isa = PBXNativeTarget;
			buildConfigurationList = 150EA3811CB4FA870006090F /* Build configuration list for PBXNativeTarget "梁森微博Tests" */;
			buildPhases = (
				150EA3661CB4FA870006090F /* Sources */,
				150EA3671CB4FA870006090F /* Frameworks */,
				150EA3681CB4FA870006090F /* Resources */,
			);
			buildRules = (
			);
			dependencies = (
				150EA36C1CB4FA870006090F /* PBXTargetDependency */,
			);
			name = "梁森微博Tests";
			productName = "梁森微博Tests";
			productReference = 150EA36A1CB4FA870006090F /* 梁森微博Tests.xctest */;
			productType = "com.apple.product-type.bundle.unit-test";
		};
		150EA3741CB4FA870006090F /* 梁森微博UITests */ = {
			isa = PBXNativeTarget;
			buildConfigurationList = 150EA3841CB4FA870006090F /* Build configuration list for PBXNativeTarget "梁森微博UITests" */;
			buildPhases = (
				150EA3711CB4FA870006090F /* Sources */,
				150EA3721CB4FA870006090F /* Frameworks */,
				150EA3731CB4FA870006090F /* Resources */,
			);
			buildRules = (
			);
			dependencies = (
				150EA3771CB4FA870006090F /* PBXTargetDependency */,
			);
			name = "梁森微博UITests";
			productName = "梁森微博UITests";
			productReference = 150EA3751CB4FA870006090F /* 梁森微博UITests.xctest */;
			productType = "com.apple.product-type.bundle.ui-testing";
		};
/* End PBXNativeTarget section */

/* Begin PBXProject section */
		150EA3461CB4FA860006090F /* Project object */ = {
			isa = PBXProject;
			attributes = {
				LastUpgradeCheck = 0720;
				ORGANIZATIONNAME = LS;
				TargetAttributes = {
					150EA34D1CB4FA860006090F = {
						CreatedOnToolsVersion = 7.2.1;
					};
					150EA3691CB4FA870006090F = {
						CreatedOnToolsVersion = 7.2.1;
						TestTargetID = 150EA34D1CB4FA860006090F;
					};
					150EA3741CB4FA870006090F = {
						CreatedOnToolsVersion = 7.2.1;
						TestTargetID = 150EA34D1CB4FA860006090F;
					};
				};
			};
			buildConfigurationList = 150EA3491CB4FA860006090F /* Build configuration list for PBXProject "梁森微博" */;
			compatibilityVersion = "Xcode 3.2";
			developmentRegion = English;
			hasScannedForEncodings = 0;
			knownRegions = (
				en,
				Base,
			);
			mainGroup = 150EA3451CB4FA860006090F;
			productRefGroup = 150EA34F1CB4FA860006090F /* Products */;
			projectDirPath = "";
			projectRoot = "";
			targets = (
				150EA34D1CB4FA860006090F /* 梁森微博 */,
				150EA3691CB4FA870006090F /* 梁森微博Tests */,
				150EA3741CB4FA870006090F /* 梁森微博UITests */,
			);
		};
/* End PBXProject section */

/* Begin PBXResourcesBuildPhase section */
		150EA34C1CB4FA860006090F /* Resources */ = {
			isa = PBXResourcesBuildPhase;
			buildActionMask = 2147483647;
			files = (
				150EA3641CB4FA860006090F /* LaunchScreen.storyboard in Resources */,
				150EA3611CB4FA860006090F /* Assets.xcassets in Resources */,
			);
			runOnlyForDeploymentPostprocessing = 0;
		};
		150EA3681CB4FA870006090F /* Resources */ = {
			isa = PBXResourcesBuildPhase;
			buildActionMask = 2147483647;
			files = (
			);
			runOnlyForDeploymentPostprocessing = 0;
		};
		150EA3731CB4FA870006090F /* Resources */ = {
			isa = PBXResourcesBuildPhase;
			buildActionMask = 2147483647;
			files = (
			);
			runOnlyForDeploymentPostprocessing = 0;
		};
/* End PBXResourcesBuildPhase section */

/* Begin PBXSourcesBuildPhase section */
		150EA34A1CB4FA860006090F /* Sources */ = {
			isa = PBXSourcesBuildPhase;
			buildActionMask = 2147483647;
			files = (
				150EA35F1CB4FA860006090F /* ____.xcdatamodeld in Sources */,
				150EA3561CB4FA860006090F /* AppDelegate.m in Sources */,
				150EA3D31CB50A3B0006090F /* RootViewController.m in Sources */,
				150EA3531CB4FA860006090F /* main.m in Sources */,
			);
			runOnlyForDeploymentPostprocessing = 0;
		};
		150EA3661CB4FA870006090F /* Sources */ = {
			isa = PBXSourcesBuildPhase;
			buildActionMask = 2147483647;
			files = (
				150EA36F1CB4FA870006090F /* ____Tests.m in Sources */,
			);
			runOnlyForDeploymentPostprocessing = 0;
		};
		150EA3711CB4FA870006090F /* Sources */ = {
			isa = PBXSourcesBuildPhase;
			buildActionMask = 2147483647;
			files = (
				150EA37A1CB4FA870006090F /* ____UITests.m in Sources */,
			);
			runOnlyForDeploymentPostprocessing = 0;
		};
/* End PBXSourcesBuildPhase section */

/* Begin PBXTargetDependency section */
		150EA36C1CB4FA870006090F /* PBXTargetDependency */ = {
			isa = PBXTargetDependency;
			target = 150EA34D1CB4FA860006090F /* 梁森微博 */;
			targetProxy = 150EA36B1CB4FA870006090F /* PBXContainerItemProxy */;
		};
		150EA3771CB4FA870006090F /* PBXTargetDependency */ = {
			isa = PBXTargetDependency;
			target = 150EA34D1CB4FA860006090F /* 梁森微博 */;
			targetProxy = 150EA3761CB4FA870006090F /* PBXContainerItemProxy */;
		};
/* End PBXTargetDependency section */

/* Begin PBXVariantGroup section */
		150EA3621CB4FA860006090F /* LaunchScreen.storyboard */ = {
			isa = PBXVariantGroup;
			children = (
				150EA3631CB4FA860006090F /* Base */,
			);
			name = LaunchScreen.storyboard;
			sourceTree = "<group>";
		};
/* End PBXVariantGroup section */

/* Begin XCBuildConfiguration section */
		150EA37C1CB4FA870006090F /* Debug */ = {
			isa = XCBuildConfiguration;
			buildSettings = {
				ALWAYS_SEARCH_USER_PATHS = NO;
				CLANG_CXX_LANGUAGE_STANDARD = "gnu++0x";
				CLANG_CXX_LIBRARY = "libc++";
				CLANG_ENABLE_MODULES = YES;
				CLANG_ENABLE_OBJC_ARC = YES;
				CLANG_WARN_BOOL_CONVERSION = YES;
				CLANG_WARN_CONSTANT_CONVERSION = YES;
				CLANG_WARN_DIRECT_OBJC_ISA_USAGE = YES_ERROR;
				CLANG_WARN_EMPTY_BODY = YES;
				CLANG_WARN_ENUM_CONVERSION = YES;
				CLANG_WARN_INT_CONVERSION = YES;
				CLANG_WARN_OBJC_ROOT_CLASS = YES_ERROR;
				CLANG_WARN_UNREACHABLE_CODE = YES;
				CLANG_WARN__DUPLICATE_METHOD_MATCH = YES;
				"CODE_SIGN_IDENTITY[sdk=iphoneos*]" = "iPhone Developer";
				COPY_PHASE_STRIP = NO;
				DEBUG_INFORMATION_FORMAT = dwarf;
				ENABLE_STRICT_OBJC_MSGSEND = YES;
				ENABLE_TESTABILITY = YES;
				GCC_C_LANGUAGE_STANDARD = gnu99;
				GCC_DYNAMIC_NO_PIC = NO;
				GCC_NO_COMMON_BLOCKS = YES;
				GCC_OPTIMIZATION_LEVEL = 0;
				GCC_PREPROCESSOR_DEFINITIONS = (
					"DEBUG=1",
					"$(inherited)",
				);
				GCC_WARN_64_TO_32_BIT_CONVERSION = YES;
				GCC_WARN_ABOUT_RETURN_TYPE = YES_ERROR;
				GCC_WARN_UNDECLARED_SELECTOR = YES;
				GCC_WARN_UNINITIALIZED_AUTOS = YES_AGGRESSIVE;
				GCC_WARN_UNUSED_FUNCTION = YES;
				GCC_WARN_UNUSED_VARIABLE = YES;
				IPHONEOS_DEPLOYMENT_TARGET = 9.2;
				MTL_ENABLE_DEBUG_INFO = YES;
				ONLY_ACTIVE_ARCH = YES;
				SDKROOT = iphoneos;
			};
			name = Debug;
		};
		150EA37D1CB4FA870006090F /* Release */ = {
			isa = XCBuildConfiguration;
			buildSettings = {
				ALWAYS_SEARCH_USER_PATHS = NO;
				CLANG_CXX_LANGUAGE_STANDARD = "gnu++0x";
				CLANG_CXX_LIBRARY = "libc++";
				CLANG_ENABLE_MODULES = YES;
				CLANG_ENABLE_OBJC_ARC = YES;
				CLANG_WARN_BOOL_CONVERSION = YES;
				CLANG_WARN_CONSTANT_CONVERSION = YES;
				CLANG_WARN_DIRECT_OBJC_ISA_USAGE = YES_ERROR;
				CLANG_WARN_EMPTY_BODY = YES;
				CLANG_WARN_ENUM_CONVERSION = YES;
				CLANG_WARN_INT_CONVERSION = YES;
				CLANG_WARN_OBJC_ROOT_CLASS = YES_ERROR;
				CLANG_WARN_UNREACHABLE_CODE = YES;
				CLANG_WARN__DUPLICATE_METHOD_MATCH = YES;
				"CODE_SIGN_IDENTITY[sdk=iphoneos*]" = "iPhone Developer";
				COPY_PHASE_STRIP = NO;
				DEBUG_INFORMATION_FORMAT = "dwarf-with-dsym";
				ENABLE_NS_ASSERTIONS = NO;
				ENABLE_STRICT_OBJC_MSGSEND = YES;
				GCC_C_LANGUAGE_STANDARD = gnu99;
				GCC_NO_COMMON_BLOCKS = YES;
				GCC_WARN_64_TO_32_BIT_CONVERSION = YES;
				GCC_WARN_ABOUT_RETURN_TYPE = YES_ERROR;
				GCC_WARN_UNDECLARED_SELECTOR = YES;
				GCC_WARN_UNINITIALIZED_AUTOS = YES_AGGRESSIVE;
				GCC_WARN_UNUSED_FUNCTION = YES;
				GCC_WARN_UNUSED_VARIABLE = YES;
				IPHONEOS_DEPLOYMENT_TARGET = 9.2;
				MTL_ENABLE_DEBUG_INFO = NO;
				SDKROOT = iphoneos;
				VALIDATE_PRODUCT = YES;
			};
			name = Release;
		};
		150EA37F1CB4FA870006090F /* Debug */ = {
			isa = XCBuildConfiguration;
			buildSettings = {
				ASSETCATALOG_COMPILER_APPICON_NAME = AppIcon;
				ASSETCATALOG_COMPILER_LAUNCHIMAGE_NAME = "Brand Assets";
				INFOPLIST_FILE = "梁森微博/Info.plist";
				IPHONEOS_DEPLOYMENT_TARGET = 8.1;
				LD_RUNPATH_SEARCH_PATHS = "$(inherited) @executable_path/Frameworks";
				PRODUCT_BUNDLE_IDENTIFIER = com.lsWeibo;
				PRODUCT_NAME = "$(TARGET_NAME)";
			};
			name = Debug;
		};
		150EA3801CB4FA870006090F /* Release */ = {
			isa = XCBuildConfiguration;
			buildSettings = {
				ASSETCATALOG_COMPILER_APPICON_NAME = AppIcon;
				ASSETCATALOG_COMPILER_LAUNCHIMAGE_NAME = "Brand Assets";
				INFOPLIST_FILE = "梁森微博/Info.plist";
				IPHONEOS_DEPLOYMENT_TARGET = 8.1;
				LD_RUNPATH_SEARCH_PATHS = "$(inherited) @executable_path/Frameworks";
				PRODUCT_BUNDLE_IDENTIFIER = com.lsWeibo;
				PRODUCT_NAME = "$(TARGET_NAME)";
			};
			name = Release;
		};
		150EA3821CB4FA870006090F /* Debug */ = {
			isa = XCBuildConfiguration;
			buildSettings = {
				BUNDLE_LOADER = "$(TEST_HOST)";
				INFOPLIST_FILE = "梁森微博Tests/Info.plist";
				LD_RUNPATH_SEARCH_PATHS = "$(inherited) @executable_path/Frameworks @loader_path/Frameworks";
				PRODUCT_BUNDLE_IDENTIFIER = "youshiguang.----Tests";
				PRODUCT_NAME = "$(TARGET_NAME)";
				TEST_HOST = "$(BUILT_PRODUCTS_DIR)/梁森微博.app/梁森微博";
			};
			name = Debug;
		};
		150EA3831CB4FA870006090F /* Release */ = {
			isa = XCBuildConfiguration;
			buildSettings = {
				BUNDLE_LOADER = "$(TEST_HOST)";
				INFOPLIST_FILE = "梁森微博Tests/Info.plist";
				LD_RUNPATH_SEARCH_PATHS = "$(inherited) @executable_path/Frameworks @loader_path/Frameworks";
				PRODUCT_BUNDLE_IDENTIFIER = "youshiguang.----Tests";
				PRODUCT_NAME = "$(TARGET_NAME)";
				TEST_HOST = "$(BUILT_PRODUCTS_DIR)/梁森微博.app/梁森微博";
			};
			name = Release;
		};
		150EA3851CB4FA870006090F /* Debug */ = {
			isa = XCBuildConfiguration;
			buildSettings = {
				INFOPLIST_FILE = "梁森微博UITests/Info.plist";
				LD_RUNPATH_SEARCH_PATHS = "$(inherited) @executable_path/Frameworks @loader_path/Frameworks";
				PRODUCT_BUNDLE_IDENTIFIER = "youshiguang.----UITests";
				PRODUCT_NAME = "$(TARGET_NAME)";
				TEST_TARGET_NAME = "梁森微博";
				USES_XCTRUNNER = YES;
			};
			name = Debug;
		};
		150EA3861CB4FA870006090F /* Release */ = {
			isa = XCBuildConfiguration;
			buildSettings = {
				INFOPLIST_FILE = "梁森微博UITests/Info.plist";
				LD_RUNPATH_SEARCH_PATHS = "$(inherited) @executable_path/Frameworks @loader_path/Frameworks";
				PRODUCT_BUNDLE_IDENTIFIER = "youshiguang.----UITests";
				PRODUCT_NAME = "$(TARGET_NAME)";
				TEST_TARGET_NAME = "梁森微博";
				USES_XCTRUNNER = YES;
			};
			name = Release;
		};
/* End XCBuildConfiguration section */

/* Begin XCConfigurationList section */
		150EA3491CB4FA860006090F /* Build configuration list for PBXProject "梁森微博" */ = {
			isa = XCConfigurationList;
			buildConfigurations = (
				150EA37C1CB4FA870006090F /* Debug */,
				150EA37D1CB4FA870006090F /* Release */,
			);
			defaultConfigurationIsVisible = 0;
			defaultConfigurationName = Release;
		};
		150EA37E1CB4FA870006090F /* Build configuration list for PBXNativeTarget "梁森微博" */ = {
			isa = XCConfigurationList;
			buildConfigurations = (
				150EA37F1CB4FA870006090F /* Debug */,
				150EA3801CB4FA870006090F /* Release */,
			);
			defaultConfigurationIsVisible = 0;
		};
		150EA3811CB4FA870006090F /* Build configuration list for PBXNativeTarget "梁森微博Tests" */ = {
			isa = XCConfigurationList;
			buildConfigurations = (
				150EA3821CB4FA870006090F /* Debug */,
				150EA3831CB4FA870006090F /* Release */,
			);
			defaultConfigurationIsVisible = 0;
		};
		150EA3841CB4FA870006090F /* Build configuration list for PBXNativeTarget "梁森微博UITests" */ = {
			isa = XCConfigurationList;
			buildConfigurations = (
				150EA3851CB4FA870006090F /* Debug */,
				150EA3861CB4FA870006090F /* Release */,
			);
			defaultConfigurationIsVisible = 0;
		};
/* End XCConfigurationList section */

/* Begin XCVersionGroup section */
		150EA35D1CB4FA860006090F /* ____.xcdatamodeld */ = {
			isa = XCVersionGroup;
			children = (
				150EA35E1CB4FA860006090F /* ____.xcdatamodel */,
			);
			currentVersion = 150EA35E1CB4FA860006090F /* ____.xcdatamodel */;
			path = "____.xcdatamodeld";
			sourceTree = "<group>";
			versionGroupType = wrapper.xcdatamodel;
		};
/* End XCVersionGroup section */
	};
	rootObject = 150EA3461CB4FA860006090F /* Project object */;
}
